Microsoft Visual Studio Solution File, Format Version 11.00
# Visual Studio 2008

Project("{DF95B909-57FF-C003-DC18-4BD387589672}") = "SexismRPG", "Assembly-CSharp.csproj", "{386F076F-CF33-E0BE-F2DD-1E8FDB4BAC4B}"
EndProject
Global
	GlobalSection(SolutionConfigurationPlatforms) = preSolution
		Debug|Any CPU = Debug|Any CPU
		Release|Any CPU = Release|Any CPU
	EndGlobalSection
	GlobalSection(ProjectConfigurationPlatforms) = postSolution
		{386F076F-CF33-E0BE-F2DD-1E8FDB4BAC4B}.Debug|Any CPU.ActiveCfg = Debug|Any CPU
		{386F076F-CF33-E0BE-F2DD-1E8FDB4BAC4B}.Debug|Any CPU.Build.0 = Debug|Any CPU
		{386F076F-CF33-E0BE-F2DD-1E8FDB4BAC4B}.Release|Any CPU.ActiveCfg = Release|Any CPU
		{386F076F-CF33-E0BE-F2DD-1E8FDB4BAC4B}.Release|Any CPU.Build.0 = Release|Any CPU
	EndGlobalSection
	GlobalSection(SolutionProperties) = preSolution
		HideSolutionNode = FALSE
	EndGlobalSection
	GlobalSection(MonoDevelopProperties) = preSolution
		StartupItem = Assembly-CSharp.csproj
	EndGlobalSection
EndGlobal
